// !$*UTF8*$!
{
	archiveVersion = 1;
	classes = {
	};
	objectVersion = 56;
	objects = {

/* Begin PBXBuildFile section */
		525862F829C3949C0006ED42 /* AppDelegate.swift in Sources */ = {isa = PBXBuildFile; fileRef = 525862F729C3949C0006ED42 /* AppDelegate.swift */; };
		525862FA29C3949C0006ED42 /* SceneDelegate.swift in Sources */ = {isa = PBXBuildFile; fileRef = 525862F929C3949C0006ED42 /* SceneDelegate.swift */; };
		525862FC29C3949C0006ED42 /* ViewController.swift in Sources */ = {isa = PBXBuildFile; fileRef = 525862FB29C3949C0006ED42 /* ViewController.swift */; };
		525862FF29C3949C0006ED42 /* Main.storyboard in Resources */ = {isa = PBXBuildFile; fileRef = 525862FD29C3949C0006ED42 /* Main.storyboard */; };
		5258630129C394A30006ED42 /* Assets.xcassets in Resources */ = {isa = PBXBuildFile; fileRef = 5258630029C394A30006ED42 /* Assets.xcassets */; };
		5258630429C394A30006ED42 /* LaunchScreen.storyboard in Resources */ = {isa = PBXBuildFile; fileRef = 5258630229C394A30006ED42 /* LaunchScreen.storyboard */; };
		5286628229C3C5D300224703 /* ViewControllerDificultad.swift in Sources */ = {isa = PBXBuildFile; fileRef = 5286628129C3C5D300224703 /* ViewControllerDificultad.swift */; };
		5286628629C3C61400224703 /* ViewControllerPreguntados.swift in Sources */ = {isa = PBXBuildFile; fileRef = 5286628529C3C61400224703 /* ViewControllerPreguntados.swift */; };
		5286628829C3C62B00224703 /* ViewControllerCombinados.swift in Sources */ = {isa = PBXBuildFile; fileRef = 5286628729C3C62B00224703 /* ViewControllerCombinados.swift */; };
		5286628A29C3E72B00224703 /* ViewControllerMatematicas.swift in Sources */ = {isa = PBXBuildFile; fileRef = 5286628929C3E72B00224703 /* ViewControllerMatematicas.swift */; };
/* End PBXBuildFile section */

/* Begin PBXFileReference section */
		525862F429C3949C0006ED42 /* IOS_1P_EX.app */ = {isa = PBXFileReference; explicitFileType = wrapper.application; includeInIndex = 0; path = IOS_1P_EX.app; sourceTree = BUILT_PRODUCTS_DIR; };
		525862F729C3949C0006ED42 /* AppDelegate.swift */ = {isa = PBXFileReference; lastKnownFileType = sourcecode.swift; path = AppDelegate.swift; sourceTree = "<group>"; };
		525862F929C3949C0006ED42 /* SceneDelegate.swift */ = {isa = PBXFileReference; lastKnownFileType = sourcecode.swift; path = SceneDelegate.swift; sourceTree = "<group>"; };
		525862FB29C3949C0006ED42 /* ViewController.swift */ = {isa = PBXFileReference; lastKnownFileType = sourcecode.swift; path = ViewController.swift; sourceTree = "<group>"; };
		525862FE29C3949C0006ED42 /* Base */ = {isa = PBXFileReference; lastKnownFileType = file.storyboard; name = Base; path = Base.lproj/Main.storyboard; sourceTree = "<group>"; };
		5258630029C394A30006ED42 /* Assets.xcassets */ = {isa = PBXFileReference; lastKnownFileType = folder.assetcatalog; path = Assets.xcassets; sourceTree = "<group>"; };
		5258630329C394A30006ED42 /* Base */ = {isa = PBXFileReference; lastKnownFileType = file.storyboard; name = Base; path = Base.lproj/LaunchScreen.storyboard; sourceTree = "<group>"; };
		5258630529C394A30006ED42 /* Info.plist */ = {isa = PBXFileReference; lastKnownFileType = text.plist.xml; path = Info.plist; sourceTree = "<group>"; };
		5286628129C3C5D300224703 /* ViewControllerDificultad.swift */ = {isa = PBXFileReference; lastKnownFileType = sourcecode.swift; path = ViewControllerDificultad.swift; sourceTree = "<group>"; };
		5286628529C3C61400224703 /* ViewControllerPreguntados.swift */ = {isa = PBXFileReference; lastKnownFileType = sourcecode.swift; path = ViewControllerPreguntados.swift; sourceTree = "<group>"; };
		5286628729C3C62B00224703 /* ViewControllerCombinados.swift */ = {isa = PBXFileReference; lastKnownFileType = sourcecode.swift; path = ViewControllerCombinados.swift; sourceTree = "<group>"; };
		5286628929C3E72B00224703 /* ViewControllerMatematicas.swift */ = {isa = PBXFileReference; lastKnownFileType = sourcecode.swift; path = ViewControllerMatematicas.swift; sourceTree = "<group>"; };
/* End PBXFileReference section */

/* Begin PBXFrameworksBuildPhase section */
		525862F129C3949C0006ED42 /* Frameworks */ = {
			isa = PBXFrameworksBuildPhase;
			buildActionMask = 2147483647;
			files = (
			);
			runOnlyForDeploymentPostprocessing = 0;
		};
/* End PBXFrameworksBuildPhase section */

/* Begin PBXGroup section */
		525862EB29C3949C0006ED42 = {
			isa = PBXGroup;
			children = (
				525862F629C3949C0006ED42 /* IOS_1P_EX */,
				525862F529C3949C0006ED42 /* Products */,
			);
			sourceTree = "<group>";
		};
		525862F529C3949C0006ED42 /* Products */ = {
			isa = PBXGroup;
			children = (
				525862F429C3949C0006ED42 /* IOS_1P_EX.app */,
			);
			name = Products;
			sourceTree = "<group>";
		};
		525862F629C3949C0006ED42 /* IOS_1P_EX */ = {
			isa = PBXGroup;
			children = (
				525862F729C3949C0006ED42 /* AppDelegate.swift */,
				525862F929C3949C0006ED42 /* SceneDelegate.swift */,
				525862FB29C3949C0006ED42 /* ViewController.swift */,
				525862FD29C3949C0006ED42 /* Main.storyboard */,
				5286628929C3E72B00224703 /* ViewControllerMatematicas.swift */,
				5258630029C394A30006ED42 /* Assets.xcassets */,
				5258630229C394A30006ED42 /* LaunchScreen.storyboard */,
				5258630529C394A30006ED42 /* Info.plist */,
				5286628129C3C5D300224703 /* ViewControllerDificultad.swift */,
				5286628529C3C61400224703 /* ViewControllerPreguntados.swift */,
				5286628729C3C62B00224703 /* ViewControllerCombinados.swift */,
			);
			path = IOS_1P_EX;
			sourceTree = "<group>";
		};
/* End PBXGroup section */

/* Begin PBXNativeTarget section */
		525862F329C3949C0006ED42 /* IOS_1P_EX */ = {
			isa = PBXNativeTarget;
			buildConfigurationList = 5258630829C394A30006ED42 /* Build configuration list for PBXNativeTarget "IOS_1P_EX" */;
			buildPhases = (
				525862F029C3949C0006ED42 /* Sources */,
				525862F129C3949C0006ED42 /* Frameworks */,
				525862F229C3949C0006ED42 /* Resources */,
			);
			buildRules = (
			);
			dependencies = (
			);
			name = IOS_1P_EX;
			productName = IOS_1P_EX;
			productReference = 525862F429C3949C0006ED42 /* IOS_1P_EX.app */;
			productType = "com.apple.product-type.application";
		};
/* End PBXNativeTarget section */

/* Begin PBXProject section */
		525862EC29C3949C0006ED42 /* Project object */ = {
			isa = PBXProject;
			attributes = {
				BuildIndependentTargetsInParallel = 1;
				LastSwiftUpdateCheck = 1420;
				LastUpgradeCheck = 1420;
				TargetAttributes = {
					525862F329C3949C0006ED42 = {
						CreatedOnToolsVersion = 14.2;
					};
				};
			};
			buildConfigurationList = 525862EF29C3949C0006ED42 /* Build configuration list for PBXProject "IOS_1P_EX" */;
			compatibilityVersion = "Xcode 14.0";
			developmentRegion = en;
			hasScannedForEncodings = 0;
			knownRegions = (
				en,
				Base,
			);
			mainGroup = 525862EB29C3949C0006ED42;
			productRefGroup = 525862F529C3949C0006ED42 /* Products */;
			projectDirPath = "";
			projectRoot = "";
			targets = (
				525862F329C3949C0006ED42 /* IOS_1P_EX */,
			);
		};
/* End PBXProject section */

/* Begin PBXResourcesBuildPhase section */
		525862F229C3949C0006ED42 /* Resources */ = {
			isa = PBXResourcesBuildPhase;
			buildActionMask = 2147483647;
			files = (
				5258630429C394A30006ED42 /* LaunchScreen.storyboard in Resources */,
				5258630129C394A30006ED42 /* Assets.xcassets in Resources */,
				525862FF29C3949C0006ED42 /* Main.storyboard in Resources */,
			);
			runOnlyForDeploymentPostprocessing = 0;
		};
/* End PBXResourcesBuildPhase section */

/* Begin PBXSourcesBuildPhase section */
		525862F029C3949C0006ED42 /* Sources */ = {
			isa = PBXSourcesBuildPhase;
			buildActionMask = 2147483647;
			files = (
				525862FC29C3949C0006ED42 /* ViewController.swift in Sources */,
				5286628229C3C5D300224703 /* ViewControllerDificultad.swift in Sources */,
				5286628A29C3E72B00224703 /* ViewControllerMatematicas.swift in Sources */,
				5286628829C3C62B00224703 /* ViewControllerCombinados.swift in Sources */,
				525862F829C3949C0006ED42 /* AppDelegate.swift in Sources */,
				525862FA29C3949C0006ED42 /* SceneDelegate.swift in Sources */,
				5286628629C3C61400224703 /* ViewControllerPreguntados.swift in Sources */,
			);
			runOnlyForDeploymentPostprocessing = 0;
		};
/* End PBXSourcesBuildPhase section */

/* Begin PBXVariantGroup section */
		525862FD29C3949C0006ED42 /* Main.storyboard */ = {
			isa = PBXVariantGroup;
			children = (
				525862FE29C3949C0006ED42 /* Base */,
			);
			name = Main.storyboard;
			sourceTree = "<group>";
		};
		5258630229C394A30006ED42 /* LaunchScreen.storyboard */ = {
			isa = PBXVariantGroup;
			children = (
				5258630329C394A30006ED42 /* Base */,
			);
			name = LaunchScreen.storyboard;
			sourceTree = "<group>";
		};
/* End PBXVariantGroup section */

/* Begin XCBuildConfiguration section */
		5258630629C394A30006ED42 /* Debug */ = {
			isa = XCBuildConfiguration;
			buildSettings = {
				ALWAYS_SEARCH_USER_PATHS = NO;
				CLANG_ANALYZER_NONNULL = YES;
				CLANG_ANALYZER_NUMBER_OBJECT_CONVERSION = YES_AGGRESSIVE;
				CLANG_CXX_LANGUAGE_STANDARD = "gnu++20";
				CLANG_ENABLE_MODULES = YES;
				CLANG_ENABLE_OBJC_ARC = YES;
				CLANG_ENABLE_OBJC_WEAK = YES;
				CLANG_WARN_BLOCK_CAPTURE_AUTORELEASING = YES;
				CLANG_WARN_BOOL_CONVERSION = YES;
				CLANG_WARN_COMMA = YES;
				CLANG_WARN_CONSTANT_CONVERSION = YES;
				CLANG_WARN_DEPRECATED_OBJC_IMPLEMENTATIONS = YES;
				CLANG_WARN_DIRECT_OBJC_ISA_USAGE = YES_ERROR;
				CLANG_WARN_DOCUMENTATION_COMMENTS = YES;
				CLANG_WARN_EMPTY_BODY = YES;
				CLANG_WARN_ENUM_CONVERSION = YES;
				CLANG_WARN_INFINITE_RECURSION = YES;
				CLANG_WARN_INT_CONVERSION = YES;
				CLANG_WARN_NON_LITERAL_NULL_CONVERSION = YES;
				CLANG_WARN_OBJC_IMPLICIT_RETAIN_SELF = YES;
				CLANG_WARN_OBJC_LITERAL_CONVERSION = YES;
				CLANG_WARN_OBJC_ROOT_CLASS = YES_ERROR;
				CLANG_WARN_QUOTED_INCLUDE_IN_FRAMEWORK_HEADER = YES;
				CLANG_WARN_RANGE_LOOP_ANALYSIS = YES;
				CLANG_WARN_STRICT_PROTOTYPES = YES;
				CLANG_WARN_SUSPICIOUS_MOVE = YES;
				CLANG_WARN_UNGUARDED_AVAILABILITY = YES_AGGRESSIVE;
				CLANG_WARN_UNREACHABLE_CODE = YES;
				CLANG_WARN__DUPLICATE_METHOD_MATCH = YES;
				COPY_PHASE_STRIP = NO;
				DEBUG_INFORMATION_FORMAT = dwarf;
				ENABLE_STRICT_OBJC_MSGSEND = YES;
				ENABLE_TESTABILITY = YES;
				GCC_C_LANGUAGE_STANDARD = gnu11;
				GCC_DYNAMIC_NO_PIC = NO;
				GCC_NO_COMMON_BLOCKS = YES;
				GCC_OPTIMIZATION_LEVEL = 0;
				GCC_PREPROCESSOR_DEFINITIONS = (
					"DEBUG=1",
					"$(inherited)",
				);
				GCC_WARN_64_TO_32_BIT_CONVERSION = YES;
				GCC_WARN_ABOUT_RETURN_TYPE = YES_ERROR;
				GCC_WARN_UNDECLARED_SELECTOR = YES;
				GCC_WARN_UNINITIALIZED_AUTOS = YES_AGGRESSIVE;
				GCC_WARN_UNUSED_FUNCTION = YES;
				GCC_WARN_UNUSED_VARIABLE = YES;
				IPHONEOS_DEPLOYMENT_TARGET = 16.2;
				MTL_ENABLE_DEBUG_INFO = INCLUDE_SOURCE;
				MTL_FAST_MATH = YES;
				ONLY_ACTIVE_ARCH = YES;
				SDKROOT = iphoneos;
				SWIFT_ACTIVE_COMPILATION_CONDITIONS = DEBUG;
				SWIFT_OPTIMIZATION_LEVEL = "-Onone";
			};
			name = Debug;
		};
		5258630729C394A30006ED42 /* Release */ = {
			isa = XCBuildConfiguration;
			buildSettings = {
				ALWAYS_SEARCH_USER_PATHS = NO;
				CLANG_ANALYZER_NONNULL = YES;
				CLANG_ANALYZER_NUMBER_OBJECT_CONVERSION = YES_AGGRESSIVE;
				CLANG_CXX_LANGUAGE_STANDARD = "gnu++20";
				CLANG_ENABLE_MODULES = YES;
				CLANG_ENABLE_OBJC_ARC = YES;
				CLANG_ENABLE_OBJC_WEAK = YES;
				CLANG_WARN_BLOCK_CAPTURE_AUTORELEASING = YES;
				CLANG_WARN_BOOL_CONVERSION = YES;
				CLANG_WARN_COMMA = YES;
				CLANG_WARN_CONSTANT_CONVERSION = YES;
				CLANG_WARN_DEPRECATED_OBJC_IMPLEMENTATIONS = YES;
				CLANG_WARN_DIRECT_OBJC_ISA_USAGE = YES_ERROR;
				CLANG_WARN_DOCUMENTATION_COMMENTS = YES;
				CLANG_WARN_EMPTY_BODY = YES;
				CLANG_WARN_ENUM_CONVERSION = YES;
				CLANG_WARN_INFINITE_RECURSION = YES;
				CLANG_WARN_INT_CONVERSION = YES;
				CLANG_WARN_NON_LITERAL_NULL_CONVERSION = YES;
				CLANG_WARN_OBJC_IMPLICIT_RETAIN_SELF = YES;
				CLANG_WARN_OBJC_LITERAL_CONVERSION = YES;
				CLANG_WARN_OBJC_ROOT_CLASS = YES_ERROR;
				CLANG_WARN_QUOTED_INCLUDE_IN_FRAMEWORK_HEADER = YES;
				CLANG_WARN_RANGE_LOOP_ANALYSIS = YES;
				CLANG_WARN_STRICT_PROTOTYPES = YES;
				CLANG_WARN_SUSPICIOUS_MOVE = YES;
				CLANG_WARN_UNGUARDED_AVAILABILITY = YES_AGGRESSIVE;
				CLANG_WARN_UNREACHABLE_CODE = YES;
				CLANG_WARN__DUPLICATE_METHOD_MATCH = YES;
				COPY_PHASE_STRIP = NO;
				DEBUG_INFORMATION_FORMAT = "dwarf-with-dsym";
				ENABLE_NS_ASSERTIONS = NO;
				ENABLE_STRICT_OBJC_MSGSEND = YES;
				GCC_C_LANGUAGE_STANDARD = gnu11;
				GCC_NO_COMMON_BLOCKS = YES;
				GCC_WARN_64_TO_32_BIT_CONVERSION = YES;
				GCC_WARN_ABOUT_RETURN_TYPE = YES_ERROR;
				GCC_WARN_UNDECLARED_SELECTOR = YES;
				GCC_WARN_UNINITIALIZED_AUTOS = YES_AGGRESSIVE;
				GCC_WARN_UNUSED_FUNCTION = YES;
				GCC_WARN_UNUSED_VARIABLE = YES;
				IPHONEOS_DEPLOYMENT_TARGET = 16.2;
				MTL_ENABLE_DEBUG_INFO = NO;
				MTL_FAST_MATH = YES;
				SDKROOT = iphoneos;
				SWIFT_COMPILATION_MODE = wholemodule;
				SWIFT_OPTIMIZATION_LEVEL = "-O";
				VALIDATE_PRODUCT = YES;
			};
			name = Release;
		};
		5258630929C394A30006ED42 /* Debug */ = {
			isa = XCBuildConfiguration;
			buildSettings = {
				ASSETCATALOG_COMPILER_APPICON_NAME = AppIcon;
				ASSETCATALOG_COMPILER_GLOBAL_ACCENT_COLOR_NAME = AccentColor;
				CODE_SIGN_STYLE = Automatic;
				CURRENT_PROJECT_VERSION = 1;
				GENERATE_INFOPLIST_FILE = YES;
				INFOPLIST_FILE = IOS_1P_EX/Info.plist;
				INFOPLIST_KEY_UIApplicationSupportsIndirectInputEvents = YES;
				INFOPLIST_KEY_UILaunchStoryboardName = LaunchScreen;
				INFOPLIST_KEY_UIMainStoryboardFile = Main;
				INFOPLIST_KEY_UISupportedInterfaceOrientations_iPad = "UIInterfaceOrientationPortrait UIInterfaceOrientationPortraitUpsideDown UIInterfaceOrientationLandscapeLeft UIInterfaceOrientationLandscapeRight";
				INFOPLIST_KEY_UISupportedInterfaceOrientations_iPhone = "UIInterfaceOrientationPortrait UIInterfaceOrientationLandscapeLeft UIInterfaceOrientationLandscapeRight";
				LD_RUNPATH_SEARCH_PATHS = (
					"$(inherited)",
					"@executable_path/Frameworks",
				);
				MARKETING_VERSION = 1.0;
				PRODUCT_BUNDLE_IDENTIFIER = "com.javiermejiah20.IOS-1P-EX";
				PRODUCT_NAME = "$(TARGET_NAME)";
				SWIFT_EMIT_LOC_STRINGS = YES;
				SWIFT_VERSION = 5.0;
				TARGETED_DEVICE_FAMILY = "1,2";
			};
			name = Debug;
		};
		5258630A29C394A30006ED42 /* Release */ = {
			isa = XCBuildConfiguration;
			buildSettings = {
				ASSETCATALOG_COMPILER_APPICON_NAME = AppIcon;
				ASSETCATALOG_COMPILER_GLOBAL_ACCENT_COLOR_NAME = AccentColor;
				CODE_SIGN_STYLE = Automatic;
				CURRENT_PROJECT_VERSION = 1;
				GENERATE_INFOPLIST_FILE = YES;
				INFOPLIST_FILE = IOS_1P_EX/Info.plist;
				INFOPLIST_KEY_UIApplicationSupportsIndirectInputEvents = YES;
				INFOPLIST_KEY_UILaunchStoryboardName = LaunchScreen;
				INFOPLIST_KEY_UIMainStoryboardFile = Main;
				INFOPLIST_KEY_UISupportedInterfaceOrientations_iPad = "UIInterfaceOrientationPortrait UIInterfaceOrientationPortraitUpsideDown UIInterfaceOrientationLandscapeLeft UIInterfaceOrientationLandscapeRight";
				INFOPLIST_KEY_UISupportedInterfaceOrientations_iPhone = "UIInterfaceOrientationPortrait UIInterfaceOrientationLandscapeLeft UIInterfaceOrientationLandscapeRight";
				LD_RUNPATH_SEARCH_PATHS = (
					"$(inherited)",
					"@executable_path/Frameworks",
				);
				MARKETING_VERSION = 1.0;
				PRODUCT_BUNDLE_IDENTIFIER = "com.javiermejiah20.IOS-1P-EX";
				PRODUCT_NAME = "$(TARGET_NAME)";
				SWIFT_EMIT_LOC_STRINGS = YES;
				SWIFT_VERSION = 5.0;
				TARGETED_DEVICE_FAMILY = "1,2";
			};
			name = Release;
		};
/* End XCBuildConfiguration section */

/* Begin XCConfigurationList section */
		525862EF29C3949C0006ED42 /* Build configuration list for PBXProject "IOS_1P_EX" */ = {
			isa = XCConfigurationList;
			buildConfigurations = (
				5258630629C394A30006ED42 /* Debug */,
				5258630729C394A30006ED42 /* Release */,
			);
			defaultConfigurationIsVisible = 0;
			defaultConfigurationName = Release;
		};
		5258630829C394A30006ED42 /* Build configuration list for PBXNativeTarget "IOS_1P_EX" */ = {
			isa = XCConfigurationList;
			buildConfigurations = (
				5258630929C394A30006ED42 /* Debug */,
				5258630A29C394A30006ED42 /* Release */,
			);
			defaultConfigurationIsVisible = 0;
			defaultConfigurationName = Release;
		};
/* End XCConfigurationList section */
	};
	rootObject = 525862EC29C3949C0006ED42 /* Project object */;
}
